// !$*UTF8*$!
{
	archiveVersion = 1;
	classes = {
	};
	objectVersion = 46;
	objects = {

/* Begin PBXBuildFile section */
		D3368FA91EC5A70300F370CB /* TableViewController.swift in Sources */ = {isa = PBXBuildFile; fileRef = D3368FA81EC5A70300F370CB /* TableViewController.swift */; };
		D33871DE1E9354630097EA37 /* DetailViewController.swift in Sources */ = {isa = PBXBuildFile; fileRef = D33871DD1E9354630097EA37 /* DetailViewController.swift */; };
		D33CC73B1E923971000BEB7F /* AppDelegate.swift in Sources */ = {isa = PBXBuildFile; fileRef = D33CC73A1E923971000BEB7F /* AppDelegate.swift */; };
		D33CC73D1E923971000BEB7F /* ViewController.swift in Sources */ = {isa = PBXBuildFile; fileRef = D33CC73C1E923971000BEB7F /* ViewController.swift */; };
		D33CC7401E923972000BEB7F /* Main.storyboard in Resources */ = {isa = PBXBuildFile; fileRef = D33CC73E1E923972000BEB7F /* Main.storyboard */; };
		D33CC7421E923972000BEB7F /* Assets.xcassets in Resources */ = {isa = PBXBuildFile; fileRef = D33CC7411E923972000BEB7F /* Assets.xcassets */; };
		D33CC7451E923972000BEB7F /* LaunchScreen.storyboard in Resources */ = {isa = PBXBuildFile; fileRef = D33CC7431E923972000BEB7F /* LaunchScreen.storyboard */; };
		D33CC74D1E925436000BEB7F /* CellTableViewCell.swift in Sources */ = {isa = PBXBuildFile; fileRef = D33CC74C1E925436000BEB7F /* CellTableViewCell.swift */; };
		D36259521EACE2D9007BD2C3 /* extensions.swift in Sources */ = {isa = PBXBuildFile; fileRef = D36259511EACE2D9007BD2C3 /* extensions.swift */; };
		D3FF22DA1EAD928D0017F61C /* CharacteristicDetailViewController.swift in Sources */ = {isa = PBXBuildFile; fileRef = D3FF22D91EAD928D0017F61C /* CharacteristicDetailViewController.swift */; };
/* End PBXBuildFile section */

/* Begin PBXFileReference section */
		D3368FA81EC5A70300F370CB /* TableViewController.swift */ = {isa = PBXFileReference; fileEncoding = 4; lastKnownFileType = sourcecode.swift; path = TableViewController.swift; sourceTree = "<group>"; };
		D33871DD1E9354630097EA37 /* DetailViewController.swift */ = {isa = PBXFileReference; fileEncoding = 4; lastKnownFileType = sourcecode.swift; path = DetailViewController.swift; sourceTree = "<group>"; };
		D33CC7371E923971000BEB7F /* Bluetooth_Test.app */ = {isa = PBXFileReference; explicitFileType = wrapper.application; includeInIndex = 0; path = Bluetooth_Test.app; sourceTree = BUILT_PRODUCTS_DIR; };
		D33CC73A1E923971000BEB7F /* AppDelegate.swift */ = {isa = PBXFileReference; lastKnownFileType = sourcecode.swift; path = AppDelegate.swift; sourceTree = "<group>"; };
		D33CC73C1E923971000BEB7F /* ViewController.swift */ = {isa = PBXFileReference; lastKnownFileType = sourcecode.swift; path = ViewController.swift; sourceTree = "<group>"; };
		D33CC73F1E923972000BEB7F /* Base */ = {isa = PBXFileReference; lastKnownFileType = file.storyboard; name = Base; path = Base.lproj/Main.storyboard; sourceTree = "<group>"; };
		D33CC7411E923972000BEB7F /* Assets.xcassets */ = {isa = PBXFileReference; lastKnownFileType = folder.assetcatalog; path = Assets.xcassets; sourceTree = "<group>"; };
		D33CC7441E923972000BEB7F /* Base */ = {isa = PBXFileReference; lastKnownFileType = file.storyboard; name = Base; path = Base.lproj/LaunchScreen.storyboard; sourceTree = "<group>"; };
		D33CC7461E923972000BEB7F /* Info.plist */ = {isa = PBXFileReference; lastKnownFileType = text.plist.xml; path = Info.plist; sourceTree = "<group>"; };
		D33CC74C1E925436000BEB7F /* CellTableViewCell.swift */ = {isa = PBXFileReference; fileEncoding = 4; lastKnownFileType = sourcecode.swift; path = CellTableViewCell.swift; sourceTree = "<group>"; };
		D36259511EACE2D9007BD2C3 /* extensions.swift */ = {isa = PBXFileReference; fileEncoding = 4; lastKnownFileType = sourcecode.swift; path = extensions.swift; sourceTree = "<group>"; };
		D3FF22D91EAD928D0017F61C /* CharacteristicDetailViewController.swift */ = {isa = PBXFileReference; fileEncoding = 4; lastKnownFileType = sourcecode.swift; path = CharacteristicDetailViewController.swift; sourceTree = "<group>"; };
/* End PBXFileReference section */

/* Begin PBXFrameworksBuildPhase section */
		D33CC7341E923971000BEB7F /* Frameworks */ = {
			isa = PBXFrameworksBuildPhase;
			buildActionMask = 2147483647;
			files = (
			);
			runOnlyForDeploymentPostprocessing = 0;
		};
/* End PBXFrameworksBuildPhase section */

/* Begin PBXGroup section */
		D33CC72E1E923971000BEB7F = {
			isa = PBXGroup;
			children = (
				D33CC7391E923971000BEB7F /* Bluetooth_Test */,
				D33CC7381E923971000BEB7F /* Products */,
			);
			sourceTree = "<group>";
		};
		D33CC7381E923971000BEB7F /* Products */ = {
			isa = PBXGroup;
			children = (
				D33CC7371E923971000BEB7F /* Bluetooth_Test.app */,
			);
			name = Products;
			sourceTree = "<group>";
		};
		D33CC7391E923971000BEB7F /* Bluetooth_Test */ = {
			isa = PBXGroup;
			children = (
				D33CC73A1E923971000BEB7F /* AppDelegate.swift */,
				D33CC74C1E925436000BEB7F /* CellTableViewCell.swift */,
				D33CC73C1E923971000BEB7F /* ViewController.swift */,
				D3368FA81EC5A70300F370CB /* TableViewController.swift */,
				D33871DD1E9354630097EA37 /* DetailViewController.swift */,
				D3FF22D91EAD928D0017F61C /* CharacteristicDetailViewController.swift */,
				D36259511EACE2D9007BD2C3 /* extensions.swift */,
				D33CC73E1E923972000BEB7F /* Main.storyboard */,
				D33CC7411E923972000BEB7F /* Assets.xcassets */,
				D33CC7431E923972000BEB7F /* LaunchScreen.storyboard */,
				D33CC7461E923972000BEB7F /* Info.plist */,
			);
			path = Bluetooth_Test;
			sourceTree = "<group>";
		};
/* End PBXGroup section */

/* Begin PBXNativeTarget section */
		D33CC7361E923971000BEB7F /* Bluetooth_Test */ = {
			isa = PBXNativeTarget;
			buildConfigurationList = D33CC7491E923972000BEB7F /* Build configuration list for PBXNativeTarget "Bluetooth_Test" */;
			buildPhases = (
				D33CC7331E923971000BEB7F /* Sources */,
				D33CC7341E923971000BEB7F /* Frameworks */,
				D33CC7351E923971000BEB7F /* Resources */,
			);
			buildRules = (
			);
			dependencies = (
			);
			name = Bluetooth_Test;
			productName = Bluetooth_Test;
			productReference = D33CC7371E923971000BEB7F /* Bluetooth_Test.app */;
			productType = "com.apple.product-type.application";
		};
/* End PBXNativeTarget section */

/* Begin PBXProject section */
		D33CC72F1E923971000BEB7F /* Project object */ = {
			isa = PBXProject;
			attributes = {
				LastSwiftUpdateCheck = 0820;
				LastUpgradeCheck = 0820;
				ORGANIZATIONNAME = NKMU.EDU.shion.ble_test;
				TargetAttributes = {
					D33CC7361E923971000BEB7F = {
						CreatedOnToolsVersion = 8.2.1;
						DevelopmentTeam = B6X78HE429;
						ProvisioningStyle = Automatic;
					};
				};
			};
			buildConfigurationList = D33CC7321E923971000BEB7F /* Build configuration list for PBXProject "Bluetooth_Test" */;
			compatibilityVersion = "Xcode 3.2";
			developmentRegion = English;
			hasScannedForEncodings = 0;
			knownRegions = (
				en,
				Base,
			);
			mainGroup = D33CC72E1E923971000BEB7F;
			productRefGroup = D33CC7381E923971000BEB7F /* Products */;
			projectDirPath = "";
			projectRoot = "";
			targets = (
				D33CC7361E923971000BEB7F /* Bluetooth_Test */,
			);
		};
/* End PBXProject section */

/* Begin PBXResourcesBuildPhase section */
		D33CC7351E923971000BEB7F /* Resources */ = {
			isa = PBXResourcesBuildPhase;
			buildActionMask = 2147483647;
			files = (
				D33CC7451E923972000BEB7F /* LaunchScreen.storyboard in Resources */,
				D33CC7421E923972000BEB7F /* Assets.xcassets in Resources */,
				D33CC7401E923972000BEB7F /* Main.storyboard in Resources */,
			);
			runOnlyForDeploymentPostprocessing = 0;
		};
/* End PBXResourcesBuildPhase section */

/* Begin PBXSourcesBuildPhase section */
		D33CC7331E923971000BEB7F /* Sources */ = {
			isa = PBXSourcesBuildPhase;
			buildActionMask = 2147483647;
			files = (
				D33CC74D1E925436000BEB7F /* CellTableViewCell.swift in Sources */,
				D3368FA91EC5A70300F370CB /* TableViewController.swift in Sources */,
				D33CC73D1E923971000BEB7F /* ViewController.swift in Sources */,
				D33CC73B1E923971000BEB7F /* AppDelegate.swift in Sources */,
				D36259521EACE2D9007BD2C3 /* extensions.swift in Sources */,
				D3FF22DA1EAD928D0017F61C /* CharacteristicDetailViewController.swift in Sources */,
				D33871DE1E9354630097EA37 /* DetailViewController.swift in Sources */,
			);
			runOnlyForDeploymentPostprocessing = 0;
		};
/* End PBXSourcesBuildPhase section */

/* Begin PBXVariantGroup section */
		D33CC73E1E923972000BEB7F /* Main.storyboard */ = {
			isa = PBXVariantGroup;
			children = (
				D33CC73F1E923972000BEB7F /* Base */,
			);
			name = Main.storyboard;
			sourceTree = "<group>";
		};
		D33CC7431E923972000BEB7F /* LaunchScreen.storyboard */ = {
			isa = PBXVariantGroup;
			children = (
				D33CC7441E923972000BEB7F /* Base */,
			);
			name = LaunchScreen.storyboard;
			sourceTree = "<group>";
		};
/* End PBXVariantGroup section */

/* Begin XCBuildConfiguration section */
		D33CC7471E923972000BEB7F /* Debug */ = {
			isa = XCBuildConfiguration;
			buildSettings = {
				ALWAYS_SEARCH_USER_PATHS = NO;
				CLANG_ANALYZER_NONNULL = YES;
				CLANG_CXX_LANGUAGE_STANDARD = "gnu++0x";
				CLANG_CXX_LIBRARY = "libc++";
				CLANG_ENABLE_MODULES = YES;
				CLANG_ENABLE_OBJC_ARC = YES;
				CLANG_WARN_BOOL_CONVERSION = YES;
				CLANG_WARN_CONSTANT_CONVERSION = YES;
				CLANG_WARN_DIRECT_OBJC_ISA_USAGE = YES_ERROR;
				CLANG_WARN_DOCUMENTATION_COMMENTS = YES;
				CLANG_WARN_EMPTY_BODY = YES;
				CLANG_WARN_ENUM_CONVERSION = YES;
				CLANG_WARN_INFINITE_RECURSION = YES;
				CLANG_WARN_INT_CONVERSION = YES;
				CLANG_WARN_OBJC_ROOT_CLASS = YES_ERROR;
				CLANG_WARN_SUSPICIOUS_MOVE = YES;
				CLANG_WARN_UNREACHABLE_CODE = YES;
				CLANG_WARN__DUPLICATE_METHOD_MATCH = YES;
				"CODE_SIGN_IDENTITY[sdk=iphoneos*]" = "iPhone Developer";
				COPY_PHASE_STRIP = NO;
				DEBUG_INFORMATION_FORMAT = dwarf;
				ENABLE_STRICT_OBJC_MSGSEND = YES;
				ENABLE_TESTABILITY = YES;
				GCC_C_LANGUAGE_STANDARD = gnu99;
				GCC_DYNAMIC_NO_PIC = NO;
				GCC_NO_COMMON_BLOCKS = YES;
				GCC_OPTIMIZATION_LEVEL = 0;
				GCC_PREPROCESSOR_DEFINITIONS = (
					"DEBUG=1",
					"$(inherited)",
				);
				GCC_WARN_64_TO_32_BIT_CONVERSION = YES;
				GCC_WARN_ABOUT_RETURN_TYPE = YES_ERROR;
				GCC_WARN_UNDECLARED_SELECTOR = YES;
				GCC_WARN_UNINITIALIZED_AUTOS = YES_AGGRESSIVE;
				GCC_WARN_UNUSED_FUNCTION = YES;
				GCC_WARN_UNUSED_VARIABLE = YES;
				IPHONEOS_DEPLOYMENT_TARGET = 10.2;
				MTL_ENABLE_DEBUG_INFO = YES;
				ONLY_ACTIVE_ARCH = YES;
				SDKROOT = iphoneos;
				SWIFT_ACTIVE_COMPILATION_CONDITIONS = DEBUG;
				SWIFT_OPTIMIZATION_LEVEL = "-Onone";
			};
			name = Debug;
		};
		D33CC7481E923972000BEB7F /* Release */ = {
			isa = XCBuildConfiguration;
			buildSettings = {
				ALWAYS_SEARCH_USER_PATHS = NO;
				CLANG_ANALYZER_NONNULL = YES;
				CLANG_CXX_LANGUAGE_STANDARD = "gnu++0x";
				CLANG_CXX_LIBRARY = "libc++";
				CLANG_ENABLE_MODULES = YES;
				CLANG_ENABLE_OBJC_ARC = YES;
				CLANG_WARN_BOOL_CONVERSION = YES;
				CLANG_WARN_CONSTANT_CONVERSION = YES;
				CLANG_WARN_DIRECT_OBJC_ISA_USAGE = YES_ERROR;
				CLANG_WARN_DOCUMENTATION_COMMENTS = YES;
				CLANG_WARN_EMPTY_BODY = YES;
				CLANG_WARN_ENUM_CONVERSION = YES;
				CLANG_WARN_INFINITE_RECURSION = YES;
				CLANG_WARN_INT_CONVERSION = YES;
				CLANG_WARN_OBJC_ROOT_CLASS = YES_ERROR;
				CLANG_WARN_SUSPICIOUS_MOVE = YES;
				CLANG_WARN_UNREACHABLE_CODE = YES;
				CLANG_WARN__DUPLICATE_METHOD_MATCH = YES;
				"CODE_SIGN_IDENTITY[sdk=iphoneos*]" = "iPhone Developer";
				COPY_PHASE_STRIP = NO;
				DEBUG_INFORMATION_FORMAT = "dwarf-with-dsym";
				ENABLE_NS_ASSERTIONS = NO;
				ENABLE_STRICT_OBJC_MSGSEND = YES;
				GCC_C_LANGUAGE_STANDARD = gnu99;
				GCC_NO_COMMON_BLOCKS = YES;
				GCC_WARN_64_TO_32_BIT_CONVERSION = YES;
				GCC_WARN_ABOUT_RETURN_TYPE = YES_ERROR;
				GCC_WARN_UNDECLARED_SELECTOR = YES;
				GCC_WARN_UNINITIALIZED_AUTOS = YES_AGGRESSIVE;
				GCC_WARN_UNUSED_FUNCTION = YES;
				GCC_WARN_UNUSED_VARIABLE = YES;
				IPHONEOS_DEPLOYMENT_TARGET = 10.2;
				MTL_ENABLE_DEBUG_INFO = NO;
				SDKROOT = iphoneos;
				SWIFT_OPTIMIZATION_LEVEL = "-Owholemodule";
				VALIDATE_PRODUCT = YES;
			};
			name = Release;
		};
		D33CC74A1E923972000BEB7F /* Debug */ = {
			isa = XCBuildConfiguration;
			buildSettings = {
				ASSETCATALOG_COMPILER_APPICON_NAME = AppIcon;
				DEVELOPMENT_TEAM = B6X78HE429;
				INFOPLIST_FILE = Bluetooth_Test/Info.plist;
				LD_RUNPATH_SEARCH_PATHS = "$(inherited) @executable_path/Frameworks";
				PRODUCT_BUNDLE_IDENTIFIER = "NKMU.EDU.shion.ble-test.Bluetooth-Test";
				PRODUCT_NAME = "$(TARGET_NAME)";
				SWIFT_VERSION = 3.0;
			};
			name = Debug;
		};
		D33CC74B1E923972000BEB7F /* Release */ = {
			isa = XCBuildConfiguration;
			buildSettings = {
				ASSETCATALOG_COMPILER_APPICON_NAME = AppIcon;
				DEVELOPMENT_TEAM = B6X78HE429;
				INFOPLIST_FILE = Bluetooth_Test/Info.plist;
				LD_RUNPATH_SEARCH_PATHS = "$(inherited) @executable_path/Frameworks";
				PRODUCT_BUNDLE_IDENTIFIER = "NKMU.EDU.shion.ble-test.Bluetooth-Test";
				PRODUCT_NAME = "$(TARGET_NAME)";
				SWIFT_VERSION = 3.0;
			};
			name = Release;
		};
/* End XCBuildConfiguration section */

/* Begin XCConfigurationList section */
		D33CC7321E923971000BEB7F /* Build configuration list for PBXProject "Bluetooth_Test" */ = {
			isa = XCConfigurationList;
			buildConfigurations = (
				D33CC7471E923972000BEB7F /* Debug */,
				D33CC7481E923972000BEB7F /* Release */,
			);
			defaultConfigurationIsVisible = 0;
			defaultConfigurationName = Release;
		};
		D33CC7491E923972000BEB7F /* Build configuration list for PBXNativeTarget "Bluetooth_Test" */ = {
			isa = XCConfigurationList;
			buildConfigurations = (
				D33CC74A1E923972000BEB7F /* Debug */,
				D33CC74B1E923972000BEB7F /* Release */,
			);
			defaultConfigurationIsVisible = 0;
			defaultConfigurationName = Release;
		};
/* End XCConfigurationList section */
	};
	rootObject = D33CC72F1E923971000BEB7F /* Project object */;
}
